
Microsoft Visual Studio Solution File, Format Version 12.00
# Visual Studio 14
VisualStudioVersion = 14.0.25420.1
MinimumVisualStudioVersion = 10.0.40219.1
Project("{FAE04EC0-301F-11D3-BF4B-00C04F79EFBC}") = "1. Count Real Numbers", "1. Count Real Numbers\1. Count Real Numbers.csproj", "{44B20D6B-3292-4C9D-9CE0-EC5A20D5F118}"
EndProject
Project("{FAE04EC0-301F-11D3-BF4B-00C04F79EFBC}") = "2. Odd Occurrences", "2. Odd Occurrences\2. Odd Occurrences.csproj", "{7A202E16-0402-4B28-A6E3-4CF51EF005FC}"
EndProject
Project("{FAE04EC0-301F-11D3-BF4B-00C04F79EFBC}") = "3. Sum, Min, Max, Average", "3. Sum, Min, Max, Average\3. Sum, Min, Max, Average.csproj", "{4ED0DF99-06F6-4A1D-8361-D8B55423A914}"
EndProject
Project("{FAE04EC0-301F-11D3-BF4B-00C04F79EFBC}") = "4. Largest 3 Numbers", "4. Largest 3 Numbers\4. Largest 3 Numbers.csproj", "{B30E7F1C-785D-42DE-B8DB-CE49BFEE04E6}"
EndProject
Project("{FAE04EC0-301F-11D3-BF4B-00C04F79EFBC}") = "5. Short Words Sorted", "5. Short Words Sorted\5. Short Words Sorted.csproj", "{65A15EAA-B262-4BA8-B4EE-C15FE8DA1CB3}"
EndProject
Project("{FAE04EC0-301F-11D3-BF4B-00C04F79EFBC}") = "06. Fold and Sum", "06. Fold and Sum\06. Fold and Sum.csproj", "{3681E782-470D-47A3-B143-F15EA56D0FC2}"
EndProject
Project("{FAE04EC0-301F-11D3-BF4B-00C04F79EFBC}") = "Test", "Test\Test.csproj", "{400DB84A-7FCE-4DD4-B007-87C52E599845}"
EndProject
Global
	GlobalSection(SolutionConfigurationPlatforms) = preSolution
		Debug|Any CPU = Debug|Any CPU
		Release|Any CPU = Release|Any CPU
	EndGlobalSection
	GlobalSection(ProjectConfigurationPlatforms) = postSolution
		{44B20D6B-3292-4C9D-9CE0-EC5A20D5F118}.Debug|Any CPU.ActiveCfg = Debug|Any CPU
		{44B20D6B-3292-4C9D-9CE0-EC5A20D5F118}.Debug|Any CPU.Build.0 = Debug|Any CPU
		{44B20D6B-3292-4C9D-9CE0-EC5A20D5F118}.Release|Any CPU.ActiveCfg = Release|Any CPU
		{44B20D6B-3292-4C9D-9CE0-EC5A20D5F118}.Release|Any CPU.Build.0 = Release|Any CPU
		{7A202E16-0402-4B28-A6E3-4CF51EF005FC}.Debug|Any CPU.ActiveCfg = Debug|Any CPU
		{7A202E16-0402-4B28-A6E3-4CF51EF005FC}.Debug|Any CPU.Build.0 = Debug|Any CPU
		{7A202E16-0402-4B28-A6E3-4CF51EF005FC}.Release|Any CPU.ActiveCfg = Release|Any CPU
		{7A202E16-0402-4B28-A6E3-4CF51EF005FC}.Release|Any CPU.Build.0 = Release|Any CPU
		{4ED0DF99-06F6-4A1D-8361-D8B55423A914}.Debug|Any CPU.ActiveCfg = Debug|Any CPU
		{4ED0DF99-06F6-4A1D-8361-D8B55423A914}.Debug|Any CPU.Build.0 = Debug|Any CPU
		{4ED0DF99-06F6-4A1D-8361-D8B55423A914}.Release|Any CPU.ActiveCfg = Release|Any CPU
		{4ED0DF99-06F6-4A1D-8361-D8B55423A914}.Release|Any CPU.Build.0 = Release|Any CPU
		{B30E7F1C-785D-42DE-B8DB-CE49BFEE04E6}.Debug|Any CPU.ActiveCfg = Debug|Any CPU
		{B30E7F1C-785D-42DE-B8DB-CE49BFEE04E6}.Debug|Any CPU.Build.0 = Debug|Any CPU
		{B30E7F1C-785D-42DE-B8DB-CE49BFEE04E6}.Release|Any CPU.ActiveCfg = Release|Any CPU
		{B30E7F1C-785D-42DE-B8DB-CE49BFEE04E6}.Release|Any CPU.Build.0 = Release|Any CPU
		{65A15EAA-B262-4BA8-B4EE-C15FE8DA1CB3}.Debug|Any CPU.ActiveCfg = Debug|Any CPU
		{65A15EAA-B262-4BA8-B4EE-C15FE8DA1CB3}.Debug|Any CPU.Build.0 = Debug|Any CPU
		{65A15EAA-B262-4BA8-B4EE-C15FE8DA1CB3}.Release|Any CPU.ActiveCfg = Release|Any CPU
		{65A15EAA-B262-4BA8-B4EE-C15FE8DA1CB3}.Release|Any CPU.Build.0 = Release|Any CPU
		{3681E782-470D-47A3-B143-F15EA56D0FC2}.Debug|Any CPU.ActiveCfg = Debug|Any CPU
		{3681E782-470D-47A3-B143-F15EA56D0FC2}.Debug|Any CPU.Build.0 = Debug|Any CPU
		{3681E782-470D-47A3-B143-F15EA56D0FC2}.Release|Any CPU.ActiveCfg = Release|Any CPU
		{3681E782-470D-47A3-B143-F15EA56D0FC2}.Release|Any CPU.Build.0 = Release|Any CPU
		{400DB84A-7FCE-4DD4-B007-87C52E599845}.Debug|Any CPU.ActiveCfg = Debug|Any CPU
		{400DB84A-7FCE-4DD4-B007-87C52E599845}.Debug|Any CPU.Build.0 = Debug|Any CPU
		{400DB84A-7FCE-4DD4-B007-87C52E599845}.Release|Any CPU.ActiveCfg = Release|Any CPU
		{400DB84A-7FCE-4DD4-B007-87C52E599845}.Release|Any CPU.Build.0 = Release|Any CPU
	EndGlobalSection
	GlobalSection(SolutionProperties) = preSolution
		HideSolutionNode = FALSE
	EndGlobalSection
EndGlobal
