
Microsoft Visual Studio Solution File, Format Version 12.00
# Visual Studio 14
VisualStudioVersion = 14.0.25420.1
MinimumVisualStudioVersion = 10.0.40219.1
Project("{FAE04EC0-301F-11D3-BF4B-00C04F79EFBC}") = "1. Convert from base-10 to base-N", "Strings Exercises\1. Convert from base-10 to base-N.csproj", "{4F21C2ED-1DD6-42EE-82A1-445A65CC88B7}"
EndProject
Project("{FAE04EC0-301F-11D3-BF4B-00C04F79EFBC}") = "02. Convert from base-N to base-10", "02. Convert from base-N to base-10\02. Convert from base-N to base-10.csproj", "{E6737FEB-743E-48A0-96AE-AF5B3659B4BC}"
EndProject
Project("{FAE04EC0-301F-11D3-BF4B-00C04F79EFBC}") = "3. Unicode Characters", "3. Unicode Characters\3. Unicode Characters.csproj", "{07110041-2CD7-44C9-B4CF-BEC62C88EB85}"
EndProject
Project("{FAE04EC0-301F-11D3-BF4B-00C04F79EFBC}") = "04. Character Multiplier", "04. Character Multiplier\04. Character Multiplier.csproj", "{E3276335-4CB0-452A-9E2B-7DE3E732382F}"
EndProject
Project("{FAE04EC0-301F-11D3-BF4B-00C04F79EFBC}") = "05. Magic exchangeable words", "05. Magic exchangeable words\05. Magic exchangeable words.csproj", "{93D53F5D-587B-4A60-BBBA-9930CE92222F}"
EndProject
Project("{FAE04EC0-301F-11D3-BF4B-00C04F79EFBC}") = "06. Sum big numbers", "06. Sum big numbers\06. Sum big numbers.csproj", "{29777592-7A11-4419-AFE6-F93798FA72A5}"
EndProject
Project("{FAE04EC0-301F-11D3-BF4B-00C04F79EFBC}") = "07. Multiply big number", "07. Multiply big number\07. Multiply big number.csproj", "{46B96C2A-B940-4C0A-8966-AD9FD98B2F0F}"
EndProject
Global
	GlobalSection(SolutionConfigurationPlatforms) = preSolution
		Debug|Any CPU = Debug|Any CPU
		Release|Any CPU = Release|Any CPU
	EndGlobalSection
	GlobalSection(ProjectConfigurationPlatforms) = postSolution
		{4F21C2ED-1DD6-42EE-82A1-445A65CC88B7}.Debug|Any CPU.ActiveCfg = Debug|Any CPU
		{4F21C2ED-1DD6-42EE-82A1-445A65CC88B7}.Debug|Any CPU.Build.0 = Debug|Any CPU
		{4F21C2ED-1DD6-42EE-82A1-445A65CC88B7}.Release|Any CPU.ActiveCfg = Release|Any CPU
		{4F21C2ED-1DD6-42EE-82A1-445A65CC88B7}.Release|Any CPU.Build.0 = Release|Any CPU
		{E6737FEB-743E-48A0-96AE-AF5B3659B4BC}.Debug|Any CPU.ActiveCfg = Debug|Any CPU
		{E6737FEB-743E-48A0-96AE-AF5B3659B4BC}.Debug|Any CPU.Build.0 = Debug|Any CPU
		{E6737FEB-743E-48A0-96AE-AF5B3659B4BC}.Release|Any CPU.ActiveCfg = Release|Any CPU
		{E6737FEB-743E-48A0-96AE-AF5B3659B4BC}.Release|Any CPU.Build.0 = Release|Any CPU
		{07110041-2CD7-44C9-B4CF-BEC62C88EB85}.Debug|Any CPU.ActiveCfg = Debug|Any CPU
		{07110041-2CD7-44C9-B4CF-BEC62C88EB85}.Debug|Any CPU.Build.0 = Debug|Any CPU
		{07110041-2CD7-44C9-B4CF-BEC62C88EB85}.Release|Any CPU.ActiveCfg = Release|Any CPU
		{07110041-2CD7-44C9-B4CF-BEC62C88EB85}.Release|Any CPU.Build.0 = Release|Any CPU
		{E3276335-4CB0-452A-9E2B-7DE3E732382F}.Debug|Any CPU.ActiveCfg = Debug|Any CPU
		{E3276335-4CB0-452A-9E2B-7DE3E732382F}.Debug|Any CPU.Build.0 = Debug|Any CPU
		{E3276335-4CB0-452A-9E2B-7DE3E732382F}.Release|Any CPU.ActiveCfg = Release|Any CPU
		{E3276335-4CB0-452A-9E2B-7DE3E732382F}.Release|Any CPU.Build.0 = Release|Any CPU
		{93D53F5D-587B-4A60-BBBA-9930CE92222F}.Debug|Any CPU.ActiveCfg = Debug|Any CPU
		{93D53F5D-587B-4A60-BBBA-9930CE92222F}.Debug|Any CPU.Build.0 = Debug|Any CPU
		{93D53F5D-587B-4A60-BBBA-9930CE92222F}.Release|Any CPU.ActiveCfg = Release|Any CPU
		{93D53F5D-587B-4A60-BBBA-9930CE92222F}.Release|Any CPU.Build.0 = Release|Any CPU
		{29777592-7A11-4419-AFE6-F93798FA72A5}.Debug|Any CPU.ActiveCfg = Debug|Any CPU
		{29777592-7A11-4419-AFE6-F93798FA72A5}.Debug|Any CPU.Build.0 = Debug|Any CPU
		{29777592-7A11-4419-AFE6-F93798FA72A5}.Release|Any CPU.ActiveCfg = Release|Any CPU
		{29777592-7A11-4419-AFE6-F93798FA72A5}.Release|Any CPU.Build.0 = Release|Any CPU
		{46B96C2A-B940-4C0A-8966-AD9FD98B2F0F}.Debug|Any CPU.ActiveCfg = Debug|Any CPU
		{46B96C2A-B940-4C0A-8966-AD9FD98B2F0F}.Debug|Any CPU.Build.0 = Debug|Any CPU
		{46B96C2A-B940-4C0A-8966-AD9FD98B2F0F}.Release|Any CPU.ActiveCfg = Release|Any CPU
		{46B96C2A-B940-4C0A-8966-AD9FD98B2F0F}.Release|Any CPU.Build.0 = Release|Any CPU
	EndGlobalSection
	GlobalSection(SolutionProperties) = preSolution
		HideSolutionNode = FALSE
	EndGlobalSection
EndGlobal
