
Microsoft Visual Studio Solution File, Format Version 12.00
# Visual Studio 14
VisualStudioVersion = 14.0.25420.1
MinimumVisualStudioVersion = 10.0.40219.1
Project("{FAE04EC0-301F-11D3-BF4B-00C04F79EFBC}") = "13. Split by Word Casing", "13. Split by Word Casing\13. Split by Word Casing.csproj", "{DCEE334A-A45E-4CB4-8BBC-7D72FDD6855F}"
EndProject
Project("{FAE04EC0-301F-11D3-BF4B-00C04F79EFBC}") = "14. Sort Numbers", "14. Sort Numbers\14. Sort Numbers.csproj", "{C3713361-4706-4BE0-A38D-EFDDC9C1343B}"
EndProject
Project("{FAE04EC0-301F-11D3-BF4B-00C04F79EFBC}") = "15. Square Numbers", "15. Square Numbers\15. Square Numbers.csproj", "{C3D3FF3B-FA6D-4390-B353-CEE2DB24FE4B}"
EndProject
Project("{FAE04EC0-301F-11D3-BF4B-00C04F79EFBC}") = "16. Count Numbers", "16. Count Numbers\16. Count Numbers.csproj", "{2500108F-5C58-4BED-846A-99162D4063A1}"
EndProject
Project("{FAE04EC0-301F-11D3-BF4B-00C04F79EFBC}") = "3.Array Manipulator", "3.Array Manipulator\3.Array Manipulator.csproj", "{4866BDCF-7141-44CA-853C-461CC8CEFFE0}"
EndProject
Project("{FAE04EC0-301F-11D3-BF4B-00C04F79EFBC}") = "Substring", "Substring\Substring.csproj", "{F1D5A424-4449-4E91-8241-DF0A1ED13075}"
EndProject
Global
	GlobalSection(SolutionConfigurationPlatforms) = preSolution
		Debug|Any CPU = Debug|Any CPU
		Release|Any CPU = Release|Any CPU
	EndGlobalSection
	GlobalSection(ProjectConfigurationPlatforms) = postSolution
		{DCEE334A-A45E-4CB4-8BBC-7D72FDD6855F}.Debug|Any CPU.ActiveCfg = Debug|Any CPU
		{DCEE334A-A45E-4CB4-8BBC-7D72FDD6855F}.Debug|Any CPU.Build.0 = Debug|Any CPU
		{DCEE334A-A45E-4CB4-8BBC-7D72FDD6855F}.Release|Any CPU.ActiveCfg = Release|Any CPU
		{DCEE334A-A45E-4CB4-8BBC-7D72FDD6855F}.Release|Any CPU.Build.0 = Release|Any CPU
		{C3713361-4706-4BE0-A38D-EFDDC9C1343B}.Debug|Any CPU.ActiveCfg = Debug|Any CPU
		{C3713361-4706-4BE0-A38D-EFDDC9C1343B}.Debug|Any CPU.Build.0 = Debug|Any CPU
		{C3713361-4706-4BE0-A38D-EFDDC9C1343B}.Release|Any CPU.ActiveCfg = Release|Any CPU
		{C3713361-4706-4BE0-A38D-EFDDC9C1343B}.Release|Any CPU.Build.0 = Release|Any CPU
		{C3D3FF3B-FA6D-4390-B353-CEE2DB24FE4B}.Debug|Any CPU.ActiveCfg = Debug|Any CPU
		{C3D3FF3B-FA6D-4390-B353-CEE2DB24FE4B}.Debug|Any CPU.Build.0 = Debug|Any CPU
		{C3D3FF3B-FA6D-4390-B353-CEE2DB24FE4B}.Release|Any CPU.ActiveCfg = Release|Any CPU
		{C3D3FF3B-FA6D-4390-B353-CEE2DB24FE4B}.Release|Any CPU.Build.0 = Release|Any CPU
		{2500108F-5C58-4BED-846A-99162D4063A1}.Debug|Any CPU.ActiveCfg = Debug|Any CPU
		{2500108F-5C58-4BED-846A-99162D4063A1}.Debug|Any CPU.Build.0 = Debug|Any CPU
		{2500108F-5C58-4BED-846A-99162D4063A1}.Release|Any CPU.ActiveCfg = Release|Any CPU
		{2500108F-5C58-4BED-846A-99162D4063A1}.Release|Any CPU.Build.0 = Release|Any CPU
		{4866BDCF-7141-44CA-853C-461CC8CEFFE0}.Debug|Any CPU.ActiveCfg = Debug|Any CPU
		{4866BDCF-7141-44CA-853C-461CC8CEFFE0}.Debug|Any CPU.Build.0 = Debug|Any CPU
		{4866BDCF-7141-44CA-853C-461CC8CEFFE0}.Release|Any CPU.ActiveCfg = Release|Any CPU
		{4866BDCF-7141-44CA-853C-461CC8CEFFE0}.Release|Any CPU.Build.0 = Release|Any CPU
		{F1D5A424-4449-4E91-8241-DF0A1ED13075}.Debug|Any CPU.ActiveCfg = Debug|Any CPU
		{F1D5A424-4449-4E91-8241-DF0A1ED13075}.Debug|Any CPU.Build.0 = Debug|Any CPU
		{F1D5A424-4449-4E91-8241-DF0A1ED13075}.Release|Any CPU.ActiveCfg = Release|Any CPU
		{F1D5A424-4449-4E91-8241-DF0A1ED13075}.Release|Any CPU.Build.0 = Release|Any CPU
	EndGlobalSection
	GlobalSection(SolutionProperties) = preSolution
		HideSolutionNode = FALSE
	EndGlobalSection
EndGlobal
